Microsoft Visual Studio Solution File, Format Version 12.00
# Visual Studio Version 17
VisualStudioVersion = 17.0.31903.59
MinimumVisualStudioVersion = 10.0.40219.1
Project("{FAE04EC0-301F-11D3-BF4B-00C04F79EFBC}") = "Reinsurance.Core", "Reinsurance.Core\Reinsurance.Core.csproj", "{7B1A7A1F-4A3B-4A37-9B0F-49D9D7B7A001}"
EndProject
Project("{FAE04EC0-301F-11D3-BF4B-00C04F79EFBC}") = "Reinsurance.Data", "Reinsurance.Data\Reinsurance.Data.csproj", "{7B1A7A1F-4A3B-4A37-9B0F-49D9D7B7A002}"
EndProject
Project("{FAE04EC0-301F-11D3-BF4B-00C04F79EFBC}") = "Reinsurance.Services", "Reinsurance.Services\Reinsurance.Services.csproj", "{7B1A7A1F-4A3B-4A37-9B0F-49D9D7B7A003}"
EndProject
Project("{349C5851-65DF-11DA-9384-00011B846F00}") = "Reinsurance.Api", "Reinsurance.Api\Reinsurance.Api.csproj", "{7B1A7A1F-4A3B-4A37-9B0F-49D9D7B7A004}"
EndProject
Project("{FAE04EC0-301F-11D3-BF4B-00C04F79EFBC}") = "Reinsurance.Tests", "Reinsurance.Tests\Reinsurance.Tests.csproj", "{7B1A7A1F-4A3B-4A37-9B0F-49D9D7B7A005}"
EndProject
Global
	GlobalSection(SolutionConfigurationPlatforms) = preSolution
		Debug|Any CPU = Debug|Any CPU
		Release|Any CPU = Release|Any CPU
	EndGlobalSection
	GlobalSection(ProjectConfigurationPlatforms) = postSolution
		{7B1A7A1F-4A3B-4A37-9B0F-49D9D7B7A001}.Debug|Any CPU.ActiveCfg = Debug|Any CPU
		{7B1A7A1F-4A3B-4A37-9B0F-49D9D7B7A001}.Debug|Any CPU.Build.0 = Debug|Any CPU
		{7B1A7A1F-4A3B-4A37-9B0F-49D9D7B7A001}.Release|Any CPU.ActiveCfg = Release|Any CPU
		{7B1A7A1F-4A3B-4A37-9B0F-49D9D7B7A001}.Release|Any CPU.Build.0 = Release|Any CPU
		{7B1A7A1F-4A3B-4A37-9B0F-49D9D7B7A002}.Debug|Any CPU.ActiveCfg = Debug|Any CPU
		{7B1A7A1F-4A3B-4A37-9B0F-49D9D7B7A002}.Debug|Any CPU.Build.0 = Debug|Any CPU
		{7B1A7A1F-4A3B-4A37-9B0F-49D9D7B7A002}.Release|Any CPU.ActiveCfg = Release|Any CPU
		{7B1A7A1F-4A3B-4A37-9B0F-49D9D7B7A002}.Release|Any CPU.Build.0 = Release|Any CPU
		{7B1A7A1F-4A3B-4A37-9B0F-49D9D7B7A003}.Debug|Any CPU.ActiveCfg = Debug|Any CPU
		{7B1A7A1F-4A3B-4A37-9B0F-49D9D7B7A003}.Debug|Any CPU.Build.0 = Debug|Any CPU
		{7B1A7A1F-4A3B-4A37-9B0F-49D9D7B7A004}.Debug|Any CPU.ActiveCfg = Debug|Any CPU
		{7B1A7A1F-4A3B-4A37-9B0F-49D9D7B7A004}.Debug|Any CPU.Build.0 = Debug|Any CPU
		{7B1A7A1F-4A3B-4A37-9B0F-49D9D7B7A005}.Debug|Any CPU.ActiveCfg = Debug|Any CPU
		{7B1A7A1F-4A3B-4A37-9B0F-49D9D7B7A005}.Debug|Any CPU.Build.0 = Debug|Any CPU
	EndGlobalSection
	GlobalSection(SolutionProperties) = preSolution
		HideSolutionNode = FALSE
	EndGlobalSection
EndGlobal
